
Microsoft Visual Studio Solution File, Format Version 12.00
# Visual Studio Version 17
VisualStudioVersion = 17.5.33414.496
MinimumVisualStudioVersion = 10.0.40219.1
Project("{9A19103F-16F7-4668-BE54-9A1E7A4F7556}") = "RideSharingPlatform", "RideSharingPlatform\RideSharingPlatform.csproj", "{5639D4D6-9EA4-4F91-9EE7-09B7BAA06581}"
EndProject
Project("{FAE04EC0-301F-11D3-BF4B-00C04F79EFBC}") = "RideSharingPlatform.Tests", "RideSharingPlatform.Tests\RideSharingPlatform.Tests.csproj", "{5401DFDB-23FF-47E3-80E5-3679426F7DE1}"
EndProject
Global
	GlobalSection(SolutionConfigurationPlatforms) = preSolution
		Debug|Any CPU = Debug|Any CPU
		Release|Any CPU = Release|Any CPU
	EndGlobalSection
	GlobalSection(ProjectConfigurationPlatforms) = postSolution
		{5639D4D6-9EA4-4F91-9EE7-09B7BAA06581}.Debug|Any CPU.ActiveCfg = Debug|Any CPU
		{5639D4D6-9EA4-4F91-9EE7-09B7BAA06581}.Debug|Any CPU.Build.0 = Debug|Any CPU
		{5639D4D6-9EA4-4F91-9EE7-09B7BAA06581}.Release|Any CPU.ActiveCfg = Release|Any CPU
		{5639D4D6-9EA4-4F91-9EE7-09B7BAA06581}.Release|Any CPU.Build.0 = Release|Any CPU
		{5401DFDB-23FF-47E3-80E5-3679426F7DE1}.Debug|Any CPU.ActiveCfg = Debug|Any CPU
		{5401DFDB-23FF-47E3-80E5-3679426F7DE1}.Debug|Any CPU.Build.0 = Debug|Any CPU
		{5401DFDB-23FF-47E3-80E5-3679426F7DE1}.Release|Any CPU.ActiveCfg = Release|Any CPU
		{5401DFDB-23FF-47E3-80E5-3679426F7DE1}.Release|Any CPU.Build.0 = Release|Any CPU
	EndGlobalSection
	GlobalSection(SolutionProperties) = preSolution
		HideSolutionNode = FALSE
	EndGlobalSection
	GlobalSection(ExtensibilityGlobals) = postSolution
		SolutionGuid = {64114B29-002D-4907-BFC7-2734E7D4933F}
	EndGlobalSection
EndGlobal
